
Microsoft Visual Studio Solution File, Format Version 12.00
# Visual Studio Version 16
VisualStudioVersion = 16.0.28803.202
MinimumVisualStudioVersion = 10.0.40219.1
Project("{FAE04EC0-301F-11D3-BF4B-00C04F79EFBC}") = "ShakerSort", "ShakerSort\ShakerSort.csproj", "{D17C0B3F-0F20-47AF-B43F-0063BEA2EF18}"
EndProject
Global
	GlobalSection(SolutionConfigurationPlatforms) = preSolution
		Debug|Any CPU = Debug|Any CPU
		Release|Any CPU = Release|Any CPU
	EndGlobalSection
	GlobalSection(ProjectConfigurationPlatforms) = postSolution
		{D17C0B3F-0F20-47AF-B43F-0063BEA2EF18}.Debug|Any CPU.ActiveCfg = Debug|Any CPU
		{D17C0B3F-0F20-47AF-B43F-0063BEA2EF18}.Debug|Any CPU.Build.0 = Debug|Any CPU
		{D17C0B3F-0F20-47AF-B43F-0063BEA2EF18}.Release|Any CPU.ActiveCfg = Release|Any CPU
		{D17C0B3F-0F20-47AF-B43F-0063BEA2EF18}.Release|Any CPU.Build.0 = Release|Any CPU
	EndGlobalSection
	GlobalSection(SolutionProperties) = preSolution
		HideSolutionNode = FALSE
	EndGlobalSection
	GlobalSection(ExtensibilityGlobals) = postSolution
		SolutionGuid = {E7C19971-51B2-4CA3-B0A2-D353D27A0D1B}
	EndGlobalSection
EndGlobal
